
Microsoft Visual Studio Solution File, Format Version 12.00
# Visual Studio Version 17
VisualStudioVersion = 17.5.2.0
MinimumVisualStudioVersion = 10.0.40219.1
Project("{2150E333-8FDC-42A3-9474-1A3956D46DE8}") = "ambassador", "ambassador", "{FEB81346-BC63-FDE9-2883-2147D59C8D15}"
EndProject
Project("{FAE04EC0-301F-11D3-BF4B-00C04F79EFBC}") = "AmbassadorProxy", "ambassador\AmbassadorProxy\AmbassadorProxy.csproj", "{FEE6CB18-DAAB-FB49-BD7B-E3AD8B9C3DBE}"
EndProject
Project("{FAE04EC0-301F-11D3-BF4B-00C04F79EFBC}") = "anti-corruption-layer", "anti-corruption-layer\anti-corruption-layer.csproj", "{7A264BDE-7169-4510-9CF7-F487BBCBBDF3}"
EndProject
Project("{2150E333-8FDC-42A3-9474-1A3956D46DE8}") = "anti-corruption-layer", "anti-corruption-layer", "{7538B1BA-12BB-46BD-8B37-880D1072DB53}"
EndProject
Project("{2150E333-8FDC-42A3-9474-1A3956D46DE8}") = "async-request-reply", "async-request-reply", "{6A07BE49-8A50-4125-873D-8128537E7521}"
EndProject
Project("{FAE04EC0-301F-11D3-BF4B-00C04F79EFBC}") = "Async-Request-Reply", "Async-Request-Reply\Async-Request-Reply.csproj", "{751AEAD0-0C85-4101-B0A2-4ACB25101CAC}"
EndProject
Project("{2150E333-8FDC-42A3-9474-1A3956D46DE8}") = "bffs", "bffs", "{9BD6B4F0-9266-5A84-83FF-3A4E856B0F42}"
	ProjectSection(SolutionItems) = preProject
		bffs\readme.md = bffs\readme.md
		bffs\docker-compose.yml = bffs\docker-compose.yml
	EndProjectSection
EndProject
Project("{FAE04EC0-301F-11D3-BF4B-00C04F79EFBC}") = "Shared", "bffs\Shared\Shared.csproj", "{777A16CB-8472-4C0C-B14C-09DD7876D6B8}"
EndProject
Project("{FAE04EC0-301F-11D3-BF4B-00C04F79EFBC}") = "WebBffApi", "bffs\WebBffApi\WebBffApi.csproj", "{EEE0724C-EE2B-4ACB-85E3-8D47B02FED82}"
EndProject
Project("{FAE04EC0-301F-11D3-BF4B-00C04F79EFBC}") = "MobileBffApi", "bffs\MobileBffApi\MobileBffApi.csproj", "{A2A17BCD-E7B5-41D9-AF4E-CBEC5244691C}"
EndProject
Project("{FAE04EC0-301F-11D3-BF4B-00C04F79EFBC}") = "OnboardingService", "bffs\OnboardingService\OnboardingService.csproj", "{EFD3D047-6424-4331-AAF6-07CA4DEABC64}"
EndProject
Project("{2150E333-8FDC-42A3-9474-1A3956D46DE8}") = "bulkhead", "bulkhead", "{1FC2940A-D594-4CA4-9AB8-69EEABE14145}"
	ProjectSection(SolutionItems) = preProject
		bulkhead\docker-compose.yml = bulkhead\docker-compose.yml
		bulkhead\readme.md = bulkhead\readme.md
	EndProjectSection
EndProject
Project("{FAE04EC0-301F-11D3-BF4B-00C04F79EFBC}") = "BulkheadWorker", "bulkhead\BulkheadWorker\BulkheadWorker.csproj", "{A113B458-0ED6-46E9-92E8-B87DE8863D7C}"
EndProject
Project("{FAE04EC0-301F-11D3-BF4B-00C04F79EFBC}") = "SimulatedApi", "bulkhead\SimulatedApi\SimulatedApi.csproj", "{0C61DCD1-6C1B-40C7-B211-499076CAD657}"
EndProject
Project("{2150E333-8FDC-42A3-9474-1A3956D46DE8}") = "cache-aside", "cache-aside", "{8F03F264-58DE-6247-9B5C-6E82F353E257}"
	ProjectSection(SolutionItems) = preProject
		cache-aside\readme.md = cache-aside\readme.md
	EndProjectSection
EndProject
Project("{FAE04EC0-301F-11D3-BF4B-00C04F79EFBC}") = "CacheAsideWorker", "cache-aside\CacheAsideWorker\CacheAsideWorker.csproj", "{8531856E-17F1-4EDB-BF74-A7B0F0E652D1}"
EndProject
Project("{2150E333-8FDC-42A3-9474-1A3956D46DE8}") = "choreography", "choreography", "{F14D8FB9-63F3-45BC-9FF9-3161190DE329}"
	ProjectSection(SolutionItems) = preProject
		choreography\readme.md = choreography\readme.md
	EndProjectSection
EndProject
Project("{FAE04EC0-301F-11D3-BF4B-00C04F79EFBC}") = "ChoreographyDemo", "choreography\ChoreographyDemo\ChoreographyDemo.csproj", "{47A4BC30-E2FC-4F90-9EA2-CCFB619B0208}"
EndProject
Project("{2150E333-8FDC-42A3-9474-1A3956D46DE8}") = "circuit-breaker", "circuit-breaker", "{DCE433A0-469B-48CE-BFE6-18357A4020E8}"
	ProjectSection(SolutionItems) = preProject
		circuit-breaker\readme.md = circuit-breaker\readme.md
	EndProjectSection
EndProject
Project("{FAE04EC0-301F-11D3-BF4B-00C04F79EFBC}") = "CircuitBreaker", "circuit-breaker\CircuitBreaker\CircuitBreaker.csproj", "{D45DE7E2-C637-45EF-A7B2-8AC880DBEE84}"
EndProject
Project("{FAE04EC0-301F-11D3-BF4B-00C04F79EFBC}") = "CircuitBreakerClient", "circuit-breaker\CircuitBreakerClient\CircuitBreakerClient.csproj", "{CB396C71-09D0-4B41-B673-91AAFEC837B4}"
EndProject
Project("{2150E333-8FDC-42A3-9474-1A3956D46DE8}") = "claim-check", "claim-check", "{1BBA9A03-7F48-41B1-8FBC-DAC7DA890749}"
	ProjectSection(SolutionItems) = preProject
		claim-check\readme.md = claim-check\readme.md
	EndProjectSection
EndProject
Project("{FAE04EC0-301F-11D3-BF4B-00C04F79EFBC}") = "ClaimCheckDemo", "claim-check\ClaimCheckDemo\ClaimCheckDemo.csproj", "{0D3144D6-1DEB-466C-9693-6BFBA798EF7F}"
EndProject
Global
	GlobalSection(SolutionConfigurationPlatforms) = preSolution
		Debug|Any CPU = Debug|Any CPU
		Debug|x64 = Debug|x64
		Debug|x86 = Debug|x86
		Release|Any CPU = Release|Any CPU
		Release|x64 = Release|x64
		Release|x86 = Release|x86
	EndGlobalSection
	GlobalSection(ProjectConfigurationPlatforms) = postSolution
		{FEE6CB18-DAAB-FB49-BD7B-E3AD8B9C3DBE}.Debug|Any CPU.ActiveCfg = Debug|Any CPU
		{FEE6CB18-DAAB-FB49-BD7B-E3AD8B9C3DBE}.Debug|Any CPU.Build.0 = Debug|Any CPU
		{FEE6CB18-DAAB-FB49-BD7B-E3AD8B9C3DBE}.Debug|x64.ActiveCfg = Debug|Any CPU
		{FEE6CB18-DAAB-FB49-BD7B-E3AD8B9C3DBE}.Debug|x64.Build.0 = Debug|Any CPU
		{FEE6CB18-DAAB-FB49-BD7B-E3AD8B9C3DBE}.Debug|x86.ActiveCfg = Debug|Any CPU
		{FEE6CB18-DAAB-FB49-BD7B-E3AD8B9C3DBE}.Debug|x86.Build.0 = Debug|Any CPU
		{FEE6CB18-DAAB-FB49-BD7B-E3AD8B9C3DBE}.Release|Any CPU.ActiveCfg = Release|Any CPU
		{FEE6CB18-DAAB-FB49-BD7B-E3AD8B9C3DBE}.Release|Any CPU.Build.0 = Release|Any CPU
		{FEE6CB18-DAAB-FB49-BD7B-E3AD8B9C3DBE}.Release|x64.ActiveCfg = Release|Any CPU
		{FEE6CB18-DAAB-FB49-BD7B-E3AD8B9C3DBE}.Release|x64.Build.0 = Release|Any CPU
		{FEE6CB18-DAAB-FB49-BD7B-E3AD8B9C3DBE}.Release|x86.ActiveCfg = Release|Any CPU
		{FEE6CB18-DAAB-FB49-BD7B-E3AD8B9C3DBE}.Release|x86.Build.0 = Release|Any CPU
		{7A264BDE-7169-4510-9CF7-F487BBCBBDF3}.Debug|Any CPU.ActiveCfg = Debug|Any CPU
		{7A264BDE-7169-4510-9CF7-F487BBCBBDF3}.Debug|Any CPU.Build.0 = Debug|Any CPU
		{7A264BDE-7169-4510-9CF7-F487BBCBBDF3}.Debug|x64.ActiveCfg = Debug|Any CPU
		{7A264BDE-7169-4510-9CF7-F487BBCBBDF3}.Debug|x64.Build.0 = Debug|Any CPU
		{7A264BDE-7169-4510-9CF7-F487BBCBBDF3}.Debug|x86.ActiveCfg = Debug|Any CPU
		{7A264BDE-7169-4510-9CF7-F487BBCBBDF3}.Debug|x86.Build.0 = Debug|Any CPU
		{7A264BDE-7169-4510-9CF7-F487BBCBBDF3}.Release|Any CPU.ActiveCfg = Release|Any CPU
		{7A264BDE-7169-4510-9CF7-F487BBCBBDF3}.Release|Any CPU.Build.0 = Release|Any CPU
		{7A264BDE-7169-4510-9CF7-F487BBCBBDF3}.Release|x64.ActiveCfg = Release|Any CPU
		{7A264BDE-7169-4510-9CF7-F487BBCBBDF3}.Release|x64.Build.0 = Release|Any CPU
		{7A264BDE-7169-4510-9CF7-F487BBCBBDF3}.Release|x86.ActiveCfg = Release|Any CPU
		{7A264BDE-7169-4510-9CF7-F487BBCBBDF3}.Release|x86.Build.0 = Release|Any CPU
		{751AEAD0-0C85-4101-B0A2-4ACB25101CAC}.Debug|Any CPU.ActiveCfg = Debug|Any CPU
		{751AEAD0-0C85-4101-B0A2-4ACB25101CAC}.Debug|Any CPU.Build.0 = Debug|Any CPU
		{751AEAD0-0C85-4101-B0A2-4ACB25101CAC}.Debug|x64.ActiveCfg = Debug|Any CPU
		{751AEAD0-0C85-4101-B0A2-4ACB25101CAC}.Debug|x64.Build.0 = Debug|Any CPU
		{751AEAD0-0C85-4101-B0A2-4ACB25101CAC}.Debug|x86.ActiveCfg = Debug|Any CPU
		{751AEAD0-0C85-4101-B0A2-4ACB25101CAC}.Debug|x86.Build.0 = Debug|Any CPU
		{751AEAD0-0C85-4101-B0A2-4ACB25101CAC}.Release|Any CPU.ActiveCfg = Release|Any CPU
		{751AEAD0-0C85-4101-B0A2-4ACB25101CAC}.Release|Any CPU.Build.0 = Release|Any CPU
		{751AEAD0-0C85-4101-B0A2-4ACB25101CAC}.Release|x64.ActiveCfg = Release|Any CPU
		{751AEAD0-0C85-4101-B0A2-4ACB25101CAC}.Release|x64.Build.0 = Release|Any CPU
		{751AEAD0-0C85-4101-B0A2-4ACB25101CAC}.Release|x86.ActiveCfg = Release|Any CPU
		{751AEAD0-0C85-4101-B0A2-4ACB25101CAC}.Release|x86.Build.0 = Release|Any CPU
		{777A16CB-8472-4C0C-B14C-09DD7876D6B8}.Debug|Any CPU.ActiveCfg = Debug|Any CPU
		{777A16CB-8472-4C0C-B14C-09DD7876D6B8}.Debug|Any CPU.Build.0 = Debug|Any CPU
		{777A16CB-8472-4C0C-B14C-09DD7876D6B8}.Debug|x64.ActiveCfg = Debug|Any CPU
		{777A16CB-8472-4C0C-B14C-09DD7876D6B8}.Debug|x64.Build.0 = Debug|Any CPU
		{777A16CB-8472-4C0C-B14C-09DD7876D6B8}.Debug|x86.ActiveCfg = Debug|Any CPU
		{777A16CB-8472-4C0C-B14C-09DD7876D6B8}.Debug|x86.Build.0 = Debug|Any CPU
		{777A16CB-8472-4C0C-B14C-09DD7876D6B8}.Release|Any CPU.ActiveCfg = Release|Any CPU
		{777A16CB-8472-4C0C-B14C-09DD7876D6B8}.Release|Any CPU.Build.0 = Release|Any CPU
		{777A16CB-8472-4C0C-B14C-09DD7876D6B8}.Release|x64.ActiveCfg = Release|Any CPU
		{777A16CB-8472-4C0C-B14C-09DD7876D6B8}.Release|x64.Build.0 = Release|Any CPU
		{777A16CB-8472-4C0C-B14C-09DD7876D6B8}.Release|x86.ActiveCfg = Release|Any CPU
		{777A16CB-8472-4C0C-B14C-09DD7876D6B8}.Release|x86.Build.0 = Release|Any CPU
		{EEE0724C-EE2B-4ACB-85E3-8D47B02FED82}.Debug|Any CPU.ActiveCfg = Debug|Any CPU
		{EEE0724C-EE2B-4ACB-85E3-8D47B02FED82}.Debug|Any CPU.Build.0 = Debug|Any CPU
		{EEE0724C-EE2B-4ACB-85E3-8D47B02FED82}.Debug|x64.ActiveCfg = Debug|Any CPU
		{EEE0724C-EE2B-4ACB-85E3-8D47B02FED82}.Debug|x64.Build.0 = Debug|Any CPU
		{EEE0724C-EE2B-4ACB-85E3-8D47B02FED82}.Debug|x86.ActiveCfg = Debug|Any CPU
		{EEE0724C-EE2B-4ACB-85E3-8D47B02FED82}.Debug|x86.Build.0 = Debug|Any CPU
		{EEE0724C-EE2B-4ACB-85E3-8D47B02FED82}.Release|Any CPU.ActiveCfg = Release|Any CPU
		{EEE0724C-EE2B-4ACB-85E3-8D47B02FED82}.Release|Any CPU.Build.0 = Release|Any CPU
		{EEE0724C-EE2B-4ACB-85E3-8D47B02FED82}.Release|x64.ActiveCfg = Release|Any CPU
		{EEE0724C-EE2B-4ACB-85E3-8D47B02FED82}.Release|x64.Build.0 = Release|Any CPU
		{EEE0724C-EE2B-4ACB-85E3-8D47B02FED82}.Release|x86.ActiveCfg = Release|Any CPU
		{EEE0724C-EE2B-4ACB-85E3-8D47B02FED82}.Release|x86.Build.0 = Release|Any CPU
		{A2A17BCD-E7B5-41D9-AF4E-CBEC5244691C}.Debug|Any CPU.ActiveCfg = Debug|Any CPU
		{A2A17BCD-E7B5-41D9-AF4E-CBEC5244691C}.Debug|Any CPU.Build.0 = Debug|Any CPU
		{A2A17BCD-E7B5-41D9-AF4E-CBEC5244691C}.Debug|x64.ActiveCfg = Debug|Any CPU
		{A2A17BCD-E7B5-41D9-AF4E-CBEC5244691C}.Debug|x64.Build.0 = Debug|Any CPU
		{A2A17BCD-E7B5-41D9-AF4E-CBEC5244691C}.Debug|x86.ActiveCfg = Debug|Any CPU
		{A2A17BCD-E7B5-41D9-AF4E-CBEC5244691C}.Debug|x86.Build.0 = Debug|Any CPU
		{A2A17BCD-E7B5-41D9-AF4E-CBEC5244691C}.Release|Any CPU.ActiveCfg = Release|Any CPU
		{A2A17BCD-E7B5-41D9-AF4E-CBEC5244691C}.Release|Any CPU.Build.0 = Release|Any CPU
		{A2A17BCD-E7B5-41D9-AF4E-CBEC5244691C}.Release|x64.ActiveCfg = Release|Any CPU
		{A2A17BCD-E7B5-41D9-AF4E-CBEC5244691C}.Release|x64.Build.0 = Release|Any CPU
		{A2A17BCD-E7B5-41D9-AF4E-CBEC5244691C}.Release|x86.ActiveCfg = Release|Any CPU
		{A2A17BCD-E7B5-41D9-AF4E-CBEC5244691C}.Release|x86.Build.0 = Release|Any CPU
		{EFD3D047-6424-4331-AAF6-07CA4DEABC64}.Debug|Any CPU.ActiveCfg = Debug|Any CPU
		{EFD3D047-6424-4331-AAF6-07CA4DEABC64}.Debug|Any CPU.Build.0 = Debug|Any CPU
		{EFD3D047-6424-4331-AAF6-07CA4DEABC64}.Debug|x64.ActiveCfg = Debug|Any CPU
		{EFD3D047-6424-4331-AAF6-07CA4DEABC64}.Debug|x64.Build.0 = Debug|Any CPU
		{EFD3D047-6424-4331-AAF6-07CA4DEABC64}.Debug|x86.ActiveCfg = Debug|Any CPU
		{EFD3D047-6424-4331-AAF6-07CA4DEABC64}.Debug|x86.Build.0 = Debug|Any CPU
		{EFD3D047-6424-4331-AAF6-07CA4DEABC64}.Release|Any CPU.ActiveCfg = Release|Any CPU
		{EFD3D047-6424-4331-AAF6-07CA4DEABC64}.Release|Any CPU.Build.0 = Release|Any CPU
		{EFD3D047-6424-4331-AAF6-07CA4DEABC64}.Release|x64.ActiveCfg = Release|Any CPU
		{EFD3D047-6424-4331-AAF6-07CA4DEABC64}.Release|x64.Build.0 = Release|Any CPU
		{EFD3D047-6424-4331-AAF6-07CA4DEABC64}.Release|x86.ActiveCfg = Release|Any CPU
		{EFD3D047-6424-4331-AAF6-07CA4DEABC64}.Release|x86.Build.0 = Release|Any CPU
		{A113B458-0ED6-46E9-92E8-B87DE8863D7C}.Debug|Any CPU.ActiveCfg = Debug|Any CPU
		{A113B458-0ED6-46E9-92E8-B87DE8863D7C}.Debug|Any CPU.Build.0 = Debug|Any CPU
		{A113B458-0ED6-46E9-92E8-B87DE8863D7C}.Debug|x64.ActiveCfg = Debug|Any CPU
		{A113B458-0ED6-46E9-92E8-B87DE8863D7C}.Debug|x64.Build.0 = Debug|Any CPU
		{A113B458-0ED6-46E9-92E8-B87DE8863D7C}.Debug|x86.ActiveCfg = Debug|Any CPU
		{A113B458-0ED6-46E9-92E8-B87DE8863D7C}.Debug|x86.Build.0 = Debug|Any CPU
		{A113B458-0ED6-46E9-92E8-B87DE8863D7C}.Release|Any CPU.ActiveCfg = Release|Any CPU
		{A113B458-0ED6-46E9-92E8-B87DE8863D7C}.Release|Any CPU.Build.0 = Release|Any CPU
		{A113B458-0ED6-46E9-92E8-B87DE8863D7C}.Release|x64.ActiveCfg = Release|Any CPU
		{A113B458-0ED6-46E9-92E8-B87DE8863D7C}.Release|x64.Build.0 = Release|Any CPU
		{A113B458-0ED6-46E9-92E8-B87DE8863D7C}.Release|x86.ActiveCfg = Release|Any CPU
		{A113B458-0ED6-46E9-92E8-B87DE8863D7C}.Release|x86.Build.0 = Release|Any CPU
		{0C61DCD1-6C1B-40C7-B211-499076CAD657}.Debug|Any CPU.ActiveCfg = Debug|Any CPU
		{0C61DCD1-6C1B-40C7-B211-499076CAD657}.Debug|Any CPU.Build.0 = Debug|Any CPU
		{0C61DCD1-6C1B-40C7-B211-499076CAD657}.Debug|x64.ActiveCfg = Debug|Any CPU
		{0C61DCD1-6C1B-40C7-B211-499076CAD657}.Debug|x64.Build.0 = Debug|Any CPU
		{0C61DCD1-6C1B-40C7-B211-499076CAD657}.Debug|x86.ActiveCfg = Debug|Any CPU
		{0C61DCD1-6C1B-40C7-B211-499076CAD657}.Debug|x86.Build.0 = Debug|Any CPU
		{0C61DCD1-6C1B-40C7-B211-499076CAD657}.Release|Any CPU.ActiveCfg = Release|Any CPU
		{0C61DCD1-6C1B-40C7-B211-499076CAD657}.Release|Any CPU.Build.0 = Release|Any CPU
		{0C61DCD1-6C1B-40C7-B211-499076CAD657}.Release|x64.ActiveCfg = Release|Any CPU
		{0C61DCD1-6C1B-40C7-B211-499076CAD657}.Release|x64.Build.0 = Release|Any CPU
		{0C61DCD1-6C1B-40C7-B211-499076CAD657}.Release|x86.ActiveCfg = Release|Any CPU
		{0C61DCD1-6C1B-40C7-B211-499076CAD657}.Release|x86.Build.0 = Release|Any CPU
		{8531856E-17F1-4EDB-BF74-A7B0F0E652D1}.Debug|Any CPU.ActiveCfg = Debug|Any CPU
		{8531856E-17F1-4EDB-BF74-A7B0F0E652D1}.Debug|Any CPU.Build.0 = Debug|Any CPU
		{8531856E-17F1-4EDB-BF74-A7B0F0E652D1}.Debug|x64.ActiveCfg = Debug|Any CPU
		{8531856E-17F1-4EDB-BF74-A7B0F0E652D1}.Debug|x64.Build.0 = Debug|Any CPU
		{8531856E-17F1-4EDB-BF74-A7B0F0E652D1}.Debug|x86.ActiveCfg = Debug|Any CPU
		{8531856E-17F1-4EDB-BF74-A7B0F0E652D1}.Debug|x86.Build.0 = Debug|Any CPU
		{8531856E-17F1-4EDB-BF74-A7B0F0E652D1}.Release|Any CPU.ActiveCfg = Release|Any CPU
		{8531856E-17F1-4EDB-BF74-A7B0F0E652D1}.Release|Any CPU.Build.0 = Release|Any CPU
		{8531856E-17F1-4EDB-BF74-A7B0F0E652D1}.Release|x64.ActiveCfg = Release|Any CPU
		{8531856E-17F1-4EDB-BF74-A7B0F0E652D1}.Release|x64.Build.0 = Release|Any CPU
		{8531856E-17F1-4EDB-BF74-A7B0F0E652D1}.Release|x86.ActiveCfg = Release|Any CPU
		{8531856E-17F1-4EDB-BF74-A7B0F0E652D1}.Release|x86.Build.0 = Release|Any CPU
		{47A4BC30-E2FC-4F90-9EA2-CCFB619B0208}.Debug|Any CPU.ActiveCfg = Debug|Any CPU
		{47A4BC30-E2FC-4F90-9EA2-CCFB619B0208}.Debug|Any CPU.Build.0 = Debug|Any CPU
		{47A4BC30-E2FC-4F90-9EA2-CCFB619B0208}.Debug|x64.ActiveCfg = Debug|Any CPU
		{47A4BC30-E2FC-4F90-9EA2-CCFB619B0208}.Debug|x64.Build.0 = Debug|Any CPU
		{47A4BC30-E2FC-4F90-9EA2-CCFB619B0208}.Debug|x86.ActiveCfg = Debug|Any CPU
		{47A4BC30-E2FC-4F90-9EA2-CCFB619B0208}.Debug|x86.Build.0 = Debug|Any CPU
		{47A4BC30-E2FC-4F90-9EA2-CCFB619B0208}.Release|Any CPU.ActiveCfg = Release|Any CPU
		{47A4BC30-E2FC-4F90-9EA2-CCFB619B0208}.Release|Any CPU.Build.0 = Release|Any CPU
		{47A4BC30-E2FC-4F90-9EA2-CCFB619B0208}.Release|x64.ActiveCfg = Release|Any CPU
		{47A4BC30-E2FC-4F90-9EA2-CCFB619B0208}.Release|x64.Build.0 = Release|Any CPU
		{47A4BC30-E2FC-4F90-9EA2-CCFB619B0208}.Release|x86.ActiveCfg = Release|Any CPU
		{47A4BC30-E2FC-4F90-9EA2-CCFB619B0208}.Release|x86.Build.0 = Release|Any CPU
		{D45DE7E2-C637-45EF-A7B2-8AC880DBEE84}.Debug|Any CPU.ActiveCfg = Debug|Any CPU
		{D45DE7E2-C637-45EF-A7B2-8AC880DBEE84}.Debug|Any CPU.Build.0 = Debug|Any CPU
		{D45DE7E2-C637-45EF-A7B2-8AC880DBEE84}.Debug|x64.ActiveCfg = Debug|Any CPU
		{D45DE7E2-C637-45EF-A7B2-8AC880DBEE84}.Debug|x64.Build.0 = Debug|Any CPU
		{D45DE7E2-C637-45EF-A7B2-8AC880DBEE84}.Debug|x86.ActiveCfg = Debug|Any CPU
		{D45DE7E2-C637-45EF-A7B2-8AC880DBEE84}.Debug|x86.Build.0 = Debug|Any CPU
		{D45DE7E2-C637-45EF-A7B2-8AC880DBEE84}.Release|Any CPU.ActiveCfg = Release|Any CPU
		{D45DE7E2-C637-45EF-A7B2-8AC880DBEE84}.Release|Any CPU.Build.0 = Release|Any CPU
		{D45DE7E2-C637-45EF-A7B2-8AC880DBEE84}.Release|x64.ActiveCfg = Release|Any CPU
		{D45DE7E2-C637-45EF-A7B2-8AC880DBEE84}.Release|x64.Build.0 = Release|Any CPU
		{D45DE7E2-C637-45EF-A7B2-8AC880DBEE84}.Release|x86.ActiveCfg = Release|Any CPU
		{D45DE7E2-C637-45EF-A7B2-8AC880DBEE84}.Release|x86.Build.0 = Release|Any CPU
		{CB396C71-09D0-4B41-B673-91AAFEC837B4}.Debug|Any CPU.ActiveCfg = Debug|Any CPU
		{CB396C71-09D0-4B41-B673-91AAFEC837B4}.Debug|Any CPU.Build.0 = Debug|Any CPU
		{CB396C71-09D0-4B41-B673-91AAFEC837B4}.Debug|x64.ActiveCfg = Debug|Any CPU
		{CB396C71-09D0-4B41-B673-91AAFEC837B4}.Debug|x64.Build.0 = Debug|Any CPU
		{CB396C71-09D0-4B41-B673-91AAFEC837B4}.Debug|x86.ActiveCfg = Debug|Any CPU
		{CB396C71-09D0-4B41-B673-91AAFEC837B4}.Debug|x86.Build.0 = Debug|Any CPU
		{CB396C71-09D0-4B41-B673-91AAFEC837B4}.Release|Any CPU.ActiveCfg = Release|Any CPU
		{CB396C71-09D0-4B41-B673-91AAFEC837B4}.Release|Any CPU.Build.0 = Release|Any CPU
		{CB396C71-09D0-4B41-B673-91AAFEC837B4}.Release|x64.ActiveCfg = Release|Any CPU
		{CB396C71-09D0-4B41-B673-91AAFEC837B4}.Release|x64.Build.0 = Release|Any CPU
		{CB396C71-09D0-4B41-B673-91AAFEC837B4}.Release|x86.ActiveCfg = Release|Any CPU
		{CB396C71-09D0-4B41-B673-91AAFEC837B4}.Release|x86.Build.0 = Release|Any CPU
		{0D3144D6-1DEB-466C-9693-6BFBA798EF7F}.Debug|Any CPU.ActiveCfg = Debug|Any CPU
		{0D3144D6-1DEB-466C-9693-6BFBA798EF7F}.Debug|Any CPU.Build.0 = Debug|Any CPU
		{0D3144D6-1DEB-466C-9693-6BFBA798EF7F}.Debug|x64.ActiveCfg = Debug|Any CPU
		{0D3144D6-1DEB-466C-9693-6BFBA798EF7F}.Debug|x64.Build.0 = Debug|Any CPU
		{0D3144D6-1DEB-466C-9693-6BFBA798EF7F}.Debug|x86.ActiveCfg = Debug|Any CPU
		{0D3144D6-1DEB-466C-9693-6BFBA798EF7F}.Debug|x86.Build.0 = Debug|Any CPU
		{0D3144D6-1DEB-466C-9693-6BFBA798EF7F}.Release|Any CPU.ActiveCfg = Release|Any CPU
		{0D3144D6-1DEB-466C-9693-6BFBA798EF7F}.Release|Any CPU.Build.0 = Release|Any CPU
		{0D3144D6-1DEB-466C-9693-6BFBA798EF7F}.Release|x64.ActiveCfg = Release|Any CPU
		{0D3144D6-1DEB-466C-9693-6BFBA798EF7F}.Release|x64.Build.0 = Release|Any CPU
		{0D3144D6-1DEB-466C-9693-6BFBA798EF7F}.Release|x86.ActiveCfg = Release|Any CPU
		{0D3144D6-1DEB-466C-9693-6BFBA798EF7F}.Release|x86.Build.0 = Release|Any CPU
	EndGlobalSection
	GlobalSection(SolutionProperties) = preSolution
		HideSolutionNode = FALSE
	EndGlobalSection
	GlobalSection(NestedProjects) = preSolution
		{FEE6CB18-DAAB-FB49-BD7B-E3AD8B9C3DBE} = {FEB81346-BC63-FDE9-2883-2147D59C8D15}
		{7A264BDE-7169-4510-9CF7-F487BBCBBDF3} = {7538B1BA-12BB-46BD-8B37-880D1072DB53}
		{751AEAD0-0C85-4101-B0A2-4ACB25101CAC} = {6A07BE49-8A50-4125-873D-8128537E7521}
		{777A16CB-8472-4C0C-B14C-09DD7876D6B8} = {9BD6B4F0-9266-5A84-83FF-3A4E856B0F42}
		{EEE0724C-EE2B-4ACB-85E3-8D47B02FED82} = {9BD6B4F0-9266-5A84-83FF-3A4E856B0F42}
		{A2A17BCD-E7B5-41D9-AF4E-CBEC5244691C} = {9BD6B4F0-9266-5A84-83FF-3A4E856B0F42}
		{EFD3D047-6424-4331-AAF6-07CA4DEABC64} = {9BD6B4F0-9266-5A84-83FF-3A4E856B0F42}
		{A113B458-0ED6-46E9-92E8-B87DE8863D7C} = {1FC2940A-D594-4CA4-9AB8-69EEABE14145}
		{0C61DCD1-6C1B-40C7-B211-499076CAD657} = {1FC2940A-D594-4CA4-9AB8-69EEABE14145}
		{8531856E-17F1-4EDB-BF74-A7B0F0E652D1} = {8F03F264-58DE-6247-9B5C-6E82F353E257}
		{47A4BC30-E2FC-4F90-9EA2-CCFB619B0208} = {F14D8FB9-63F3-45BC-9FF9-3161190DE329}
		{D45DE7E2-C637-45EF-A7B2-8AC880DBEE84} = {DCE433A0-469B-48CE-BFE6-18357A4020E8}
		{CB396C71-09D0-4B41-B673-91AAFEC837B4} = {DCE433A0-469B-48CE-BFE6-18357A4020E8}
		{0D3144D6-1DEB-466C-9693-6BFBA798EF7F} = {1BBA9A03-7F48-41B1-8FBC-DAC7DA890749}
	EndGlobalSection
	GlobalSection(ExtensibilityGlobals) = postSolution
		SolutionGuid = {F1E9BEC3-89A0-478A-9750-B707EE5306E5}
	EndGlobalSection
EndGlobal
