Microsoft Visual Studio Solution File, Format Version 12.00
# Visual Studio Version 17
VisualStudioVersion = 17.5.2.0
MinimumVisualStudioVersion = 10.0.40219.1
Project("{FAE04EC0-301F-11D3-BF4B-00C04F79EFBC}") = "CircuitBreakerClient", "CircuitBreakerClient\CircuitBreakerClient.csproj", "{73E1C0D2-4007-9D38-C9BF-3F07059BED5F}"
EndProject
Project("{FAE04EC0-301F-11D3-BF4B-00C04F79EFBC}") = "CircuitBreaker", "CircuitBreaker\CircuitBreaker.csproj", "{3008AEBF-361A-71EC-F42C-AB32EF5B54C3}"
EndProject
Global
	GlobalSection(SolutionConfigurationPlatforms) = preSolution
		Debug|Any CPU = Debug|Any CPU
		Release|Any CPU = Release|Any CPU
	EndGlobalSection
	GlobalSection(ProjectConfigurationPlatforms) = postSolution
		{73E1C0D2-4007-9D38-C9BF-3F07059BED5F}.Debug|Any CPU.ActiveCfg = Debug|Any CPU
		{73E1C0D2-4007-9D38-C9BF-3F07059BED5F}.Debug|Any CPU.Build.0 = Debug|Any CPU
		{73E1C0D2-4007-9D38-C9BF-3F07059BED5F}.Release|Any CPU.ActiveCfg = Release|Any CPU
		{73E1C0D2-4007-9D38-C9BF-3F07059BED5F}.Release|Any CPU.Build.0 = Release|Any CPU
		{3008AEBF-361A-71EC-F42C-AB32EF5B54C3}.Debug|Any CPU.ActiveCfg = Debug|Any CPU
		{3008AEBF-361A-71EC-F42C-AB32EF5B54C3}.Debug|Any CPU.Build.0 = Debug|Any CPU
		{3008AEBF-361A-71EC-F42C-AB32EF5B54C3}.Release|Any CPU.ActiveCfg = Release|Any CPU
		{3008AEBF-361A-71EC-F42C-AB32EF5B54C3}.Release|Any CPU.Build.0 = Release|Any CPU
	EndGlobalSection
	GlobalSection(SolutionProperties) = preSolution
		HideSolutionNode = FALSE
	EndGlobalSection
	GlobalSection(ExtensibilityGlobals) = postSolution
		SolutionGuid = {4775FA16-A1C7-44C2-8973-1F4F5A1D134B}
	EndGlobalSection
EndGlobal
